
Microsoft Visual Studio Solution File, Format Version 12.00
# Visual Studio Version 17
VisualStudioVersion = 17.5.33627.172
MinimumVisualStudioVersion = 10.0.40219.1
Project("{FAE04EC0-301F-11D3-BF4B-00C04F79EFBC}") = "EventSourcing.Api", "EventSourcing.Api\EventSourcing.Api.csproj", "{CBEDD483-77C6-4666-ADB8-6E41251484C9}"
EndProject
Global
	GlobalSection(SolutionConfigurationPlatforms) = preSolution
		Debug|Any CPU = Debug|Any CPU
		Release|Any CPU = Release|Any CPU
	EndGlobalSection
	GlobalSection(ProjectConfigurationPlatforms) = postSolution
		{CBEDD483-77C6-4666-ADB8-6E41251484C9}.Debug|Any CPU.ActiveCfg = Debug|Any CPU
		{CBEDD483-77C6-4666-ADB8-6E41251484C9}.Debug|Any CPU.Build.0 = Debug|Any CPU
		{CBEDD483-77C6-4666-ADB8-6E41251484C9}.Release|Any CPU.ActiveCfg = Release|Any CPU
		{CBEDD483-77C6-4666-ADB8-6E41251484C9}.Release|Any CPU.Build.0 = Release|Any CPU
	EndGlobalSection
	GlobalSection(SolutionProperties) = preSolution
		HideSolutionNode = FALSE
	EndGlobalSection
	GlobalSection(ExtensibilityGlobals) = postSolution
		SolutionGuid = {FC12E97A-7C1F-46F1-BB02-5FEBA7CBBF35}
	EndGlobalSection
EndGlobal
